
Microsoft Visual Studio Solution File, Format Version 12.00
# Visual Studio Version 16
VisualStudioVersion = 16.0.28803.352
MinimumVisualStudioVersion = 10.0.40219.1
Project("{FAE04EC0-301F-11D3-BF4B-00C04F79EFBC}") = "Veresiye.Model", "Veresiye.Model\Veresiye.Model.csproj", "{A81D60BC-A82B-4BC3-B502-B40E96D0F748}"
EndProject
Project("{FAE04EC0-301F-11D3-BF4B-00C04F79EFBC}") = "Veresiye.Data", "Veresiye.Data\Veresiye.Data.csproj", "{E95C8668-D650-4842-A86E-61FD823F68F7}"
EndProject
Project("{FAE04EC0-301F-11D3-BF4B-00C04F79EFBC}") = "Veresiye.Service", "Veresiye.Service\Veresiye.Service.csproj", "{532CE72D-02FC-489E-A0E6-5B6184132010}"
EndProject
Project("{FAE04EC0-301F-11D3-BF4B-00C04F79EFBC}") = "Veresiye.UI", "Veresiye.UI\Veresiye.UI.csproj", "{788DE5FF-77E9-49E4-B6EF-CF55BDF5C8D1}"
EndProject
Global
	GlobalSection(SolutionConfigurationPlatforms) = preSolution
		Debug|Any CPU = Debug|Any CPU
		Release|Any CPU = Release|Any CPU
	EndGlobalSection
	GlobalSection(ProjectConfigurationPlatforms) = postSolution
		{A81D60BC-A82B-4BC3-B502-B40E96D0F748}.Debug|Any CPU.ActiveCfg = Debug|Any CPU
		{A81D60BC-A82B-4BC3-B502-B40E96D0F748}.Debug|Any CPU.Build.0 = Debug|Any CPU
		{A81D60BC-A82B-4BC3-B502-B40E96D0F748}.Release|Any CPU.ActiveCfg = Release|Any CPU
		{A81D60BC-A82B-4BC3-B502-B40E96D0F748}.Release|Any CPU.Build.0 = Release|Any CPU
		{E95C8668-D650-4842-A86E-61FD823F68F7}.Debug|Any CPU.ActiveCfg = Debug|Any CPU
		{E95C8668-D650-4842-A86E-61FD823F68F7}.Debug|Any CPU.Build.0 = Debug|Any CPU
		{E95C8668-D650-4842-A86E-61FD823F68F7}.Release|Any CPU.ActiveCfg = Release|Any CPU
		{E95C8668-D650-4842-A86E-61FD823F68F7}.Release|Any CPU.Build.0 = Release|Any CPU
		{532CE72D-02FC-489E-A0E6-5B6184132010}.Debug|Any CPU.ActiveCfg = Debug|Any CPU
		{532CE72D-02FC-489E-A0E6-5B6184132010}.Debug|Any CPU.Build.0 = Debug|Any CPU
		{532CE72D-02FC-489E-A0E6-5B6184132010}.Release|Any CPU.ActiveCfg = Release|Any CPU
		{532CE72D-02FC-489E-A0E6-5B6184132010}.Release|Any CPU.Build.0 = Release|Any CPU
		{788DE5FF-77E9-49E4-B6EF-CF55BDF5C8D1}.Debug|Any CPU.ActiveCfg = Debug|Any CPU
		{788DE5FF-77E9-49E4-B6EF-CF55BDF5C8D1}.Debug|Any CPU.Build.0 = Debug|Any CPU
		{788DE5FF-77E9-49E4-B6EF-CF55BDF5C8D1}.Release|Any CPU.ActiveCfg = Release|Any CPU
		{788DE5FF-77E9-49E4-B6EF-CF55BDF5C8D1}.Release|Any CPU.Build.0 = Release|Any CPU
	EndGlobalSection
	GlobalSection(SolutionProperties) = preSolution
		HideSolutionNode = FALSE
	EndGlobalSection
	GlobalSection(ExtensibilityGlobals) = postSolution
		SolutionGuid = {28A030FA-2719-4E7B-B5C1-322FECD698EC}
	EndGlobalSection
EndGlobal
